// !$*UTF8*$!
{
	archiveVersion = 1;
	classes = {
	};
	objectVersion = 50;
	objects = {

/* Begin PBXBuildFile section */
		96DF04BCFB109947A3DC4CCE /* Pods_mentorzCallSchedule.framework in Frameworks */ = {isa = PBXBuildFile; fileRef = 583010AA486063BE230E5176 /* Pods_mentorzCallSchedule.framework */; };
		A31EFAB522323F260090C5AC /* AppDelegate.swift in Sources */ = {isa = PBXBuildFile; fileRef = A31EFAB422323F260090C5AC /* AppDelegate.swift */; };
		A31EFAB722323F260090C5AC /* ViewController.swift in Sources */ = {isa = PBXBuildFile; fileRef = A31EFAB622323F260090C5AC /* ViewController.swift */; };
		A31EFABC22323F280090C5AC /* Assets.xcassets in Resources */ = {isa = PBXBuildFile; fileRef = A31EFABB22323F280090C5AC /* Assets.xcassets */; };
		A31EFABF22323F280090C5AC /* LaunchScreen.storyboard in Resources */ = {isa = PBXBuildFile; fileRef = A31EFABD22323F280090C5AC /* LaunchScreen.storyboard */; };
		A31EFAC722323F4C0090C5AC /* CallSchedule.storyboard in Resources */ = {isa = PBXBuildFile; fileRef = A31EFAC622323F4C0090C5AC /* CallSchedule.storyboard */; };
/* End PBXBuildFile section */

/* Begin PBXFileReference section */
		1AD8CA17F90CB63B9709D0D5 /* Pods-mentorzCallSchedule.release.xcconfig */ = {isa = PBXFileReference; includeInIndex = 1; lastKnownFileType = text.xcconfig; name = "Pods-mentorzCallSchedule.release.xcconfig"; path = "Target Support Files/Pods-mentorzCallSchedule/Pods-mentorzCallSchedule.release.xcconfig"; sourceTree = "<group>"; };
		583010AA486063BE230E5176 /* Pods_mentorzCallSchedule.framework */ = {isa = PBXFileReference; explicitFileType = wrapper.framework; includeInIndex = 0; path = Pods_mentorzCallSchedule.framework; sourceTree = BUILT_PRODUCTS_DIR; };
		9463A39062FB2D9C2FE0CD27 /* Pods-mentorzCallSchedule.debug.xcconfig */ = {isa = PBXFileReference; includeInIndex = 1; lastKnownFileType = text.xcconfig; name = "Pods-mentorzCallSchedule.debug.xcconfig"; path = "Target Support Files/Pods-mentorzCallSchedule/Pods-mentorzCallSchedule.debug.xcconfig"; sourceTree = "<group>"; };
		A31EFAB122323F260090C5AC /* mentorzCallSchedule.app */ = {isa = PBXFileReference; explicitFileType = wrapper.application; includeInIndex = 0; path = mentorzCallSchedule.app; sourceTree = BUILT_PRODUCTS_DIR; };
		A31EFAB422323F260090C5AC /* AppDelegate.swift */ = {isa = PBXFileReference; lastKnownFileType = sourcecode.swift; path = AppDelegate.swift; sourceTree = "<group>"; };
		A31EFAB622323F260090C5AC /* ViewController.swift */ = {isa = PBXFileReference; lastKnownFileType = sourcecode.swift; path = ViewController.swift; sourceTree = "<group>"; };
		A31EFABB22323F280090C5AC /* Assets.xcassets */ = {isa = PBXFileReference; lastKnownFileType = folder.assetcatalog; path = Assets.xcassets; sourceTree = "<group>"; };
		A31EFABE22323F280090C5AC /* Base */ = {isa = PBXFileReference; lastKnownFileType = file.storyboard; name = Base; path = Base.lproj/LaunchScreen.storyboard; sourceTree = "<group>"; };
		A31EFAC022323F280090C5AC /* Info.plist */ = {isa = PBXFileReference; lastKnownFileType = text.plist.xml; path = Info.plist; sourceTree = "<group>"; };
		A31EFAC622323F4C0090C5AC /* CallSchedule.storyboard */ = {isa = PBXFileReference; fileEncoding = 4; lastKnownFileType = file.storyboard; name = CallSchedule.storyboard; path = "../../../Desktop/Mentorz/mentorz-ios/CallSchedule.storyboard"; sourceTree = "<group>"; };
		A374F6692232823700BD0EBD /* iOSDropDown.framework */ = {isa = PBXFileReference; explicitFileType = wrapper.framework; path = iOSDropDown.framework; sourceTree = BUILT_PRODUCTS_DIR; };
/* End PBXFileReference section */

/* Begin PBXFrameworksBuildPhase section */
		A31EFAAE22323F260090C5AC /* Frameworks */ = {
			isa = PBXFrameworksBuildPhase;
			buildActionMask = 2147483647;
			files = (
				96DF04BCFB109947A3DC4CCE /* Pods_mentorzCallSchedule.framework in Frameworks */,
			);
			runOnlyForDeploymentPostprocessing = 0;
		};
/* End PBXFrameworksBuildPhase section */

/* Begin PBXGroup section */
		0A2D0D8D102D98E5DB09F9A9 /* Pods */ = {
			isa = PBXGroup;
			children = (
				9463A39062FB2D9C2FE0CD27 /* Pods-mentorzCallSchedule.debug.xcconfig */,
				1AD8CA17F90CB63B9709D0D5 /* Pods-mentorzCallSchedule.release.xcconfig */,
			);
			path = Pods;
			sourceTree = "<group>";
		};
		7F5E1A66D6CB0EE0A111FC04 /* Frameworks */ = {
			isa = PBXGroup;
			children = (
				583010AA486063BE230E5176 /* Pods_mentorzCallSchedule.framework */,
			);
			name = Frameworks;
			sourceTree = "<group>";
		};
		A31EFAA822323F260090C5AC = {
			isa = PBXGroup;
			children = (
				A374F6692232823700BD0EBD /* iOSDropDown.framework */,
				A31EFAB322323F260090C5AC /* mentorzCallSchedule */,
				A31EFAB222323F260090C5AC /* Products */,
				0A2D0D8D102D98E5DB09F9A9 /* Pods */,
				7F5E1A66D6CB0EE0A111FC04 /* Frameworks */,
			);
			sourceTree = "<group>";
		};
		A31EFAB222323F260090C5AC /* Products */ = {
			isa = PBXGroup;
			children = (
				A31EFAB122323F260090C5AC /* mentorzCallSchedule.app */,
			);
			name = Products;
			sourceTree = "<group>";
		};
		A31EFAB322323F260090C5AC /* mentorzCallSchedule */ = {
			isa = PBXGroup;
			children = (
				A31EFAB422323F260090C5AC /* AppDelegate.swift */,
				A31EFAC622323F4C0090C5AC /* CallSchedule.storyboard */,
				A31EFAB622323F260090C5AC /* ViewController.swift */,
				A31EFABB22323F280090C5AC /* Assets.xcassets */,
				A31EFABD22323F280090C5AC /* LaunchScreen.storyboard */,
				A31EFAC022323F280090C5AC /* Info.plist */,
			);
			path = mentorzCallSchedule;
			sourceTree = "<group>";
		};
/* End PBXGroup section */

/* Begin PBXNativeTarget section */
		A31EFAB022323F260090C5AC /* mentorzCallSchedule */ = {
			isa = PBXNativeTarget;
			buildConfigurationList = A31EFAC322323F280090C5AC /* Build configuration list for PBXNativeTarget "mentorzCallSchedule" */;
			buildPhases = (
				8B03929ED6D74D7CB6115F07 /* [CP] Check Pods Manifest.lock */,
				A31EFAAD22323F260090C5AC /* Sources */,
				A31EFAAE22323F260090C5AC /* Frameworks */,
				A31EFAAF22323F260090C5AC /* Resources */,
				21498E6BFCEA3D26DC9B5DDF /* [CP] Embed Pods Frameworks */,
			);
			buildRules = (
			);
			dependencies = (
			);
			name = mentorzCallSchedule;
			productName = mentorzCallSchedule;
			productReference = A31EFAB122323F260090C5AC /* mentorzCallSchedule.app */;
			productType = "com.apple.product-type.application";
		};
/* End PBXNativeTarget section */

/* Begin PBXProject section */
		A31EFAA922323F260090C5AC /* Project object */ = {
			isa = PBXProject;
			attributes = {
				LastSwiftUpdateCheck = 1010;
				LastUpgradeCheck = 1010;
				ORGANIZATIONNAME = craterzone;
				TargetAttributes = {
					A31EFAB022323F260090C5AC = {
						CreatedOnToolsVersion = 10.1;
					};
				};
			};
			buildConfigurationList = A31EFAAC22323F260090C5AC /* Build configuration list for PBXProject "mentorzCallSchedule" */;
			compatibilityVersion = "Xcode 9.3";
			developmentRegion = en;
			hasScannedForEncodings = 0;
			knownRegions = (
				en,
				Base,
			);
			mainGroup = A31EFAA822323F260090C5AC;
			productRefGroup = A31EFAB222323F260090C5AC /* Products */;
			projectDirPath = "";
			projectRoot = "";
			targets = (
				A31EFAB022323F260090C5AC /* mentorzCallSchedule */,
			);
		};
/* End PBXProject section */

/* Begin PBXResourcesBuildPhase section */
		A31EFAAF22323F260090C5AC /* Resources */ = {
			isa = PBXResourcesBuildPhase;
			buildActionMask = 2147483647;
			files = (
				A31EFABF22323F280090C5AC /* LaunchScreen.storyboard in Resources */,
				A31EFABC22323F280090C5AC /* Assets.xcassets in Resources */,
				A31EFAC722323F4C0090C5AC /* CallSchedule.storyboard in Resources */,
			);
			runOnlyForDeploymentPostprocessing = 0;
		};
/* End PBXResourcesBuildPhase section */

/* Begin PBXShellScriptBuildPhase section */
		21498E6BFCEA3D26DC9B5DDF /* [CP] Embed Pods Frameworks */ = {
			isa = PBXShellScriptBuildPhase;
			buildActionMask = 2147483647;
			files = (
			);
			inputFileListPaths = (
			);
			inputPaths = (
				"${PODS_ROOT}/Target Support Files/Pods-mentorzCallSchedule/Pods-mentorzCallSchedule-frameworks.sh",
				"${BUILT_PRODUCTS_DIR}/iOSDropDown/iOSDropDown.framework",
			);
			name = "[CP] Embed Pods Frameworks";
			outputFileListPaths = (
			);
			outputPaths = (
				"${TARGET_BUILD_DIR}/${FRAMEWORKS_FOLDER_PATH}/iOSDropDown.framework",
			);
			runOnlyForDeploymentPostprocessing = 0;
			shellPath = /bin/sh;
			shellScript = "\"${PODS_ROOT}/Target Support Files/Pods-mentorzCallSchedule/Pods-mentorzCallSchedule-frameworks.sh\"\n";
			showEnvVarsInLog = 0;
		};
		8B03929ED6D74D7CB6115F07 /* [CP] Check Pods Manifest.lock */ = {
			isa = PBXShellScriptBuildPhase;
			buildActionMask = 2147483647;
			files = (
			);
			inputFileListPaths = (
			);
			inputPaths = (
				"${PODS_PODFILE_DIR_PATH}/Podfile.lock",
				"${PODS_ROOT}/Manifest.lock",
			);
			name = "[CP] Check Pods Manifest.lock";
			outputFileListPaths = (
			);
			outputPaths = (
				"$(DERIVED_FILE_DIR)/Pods-mentorzCallSchedule-checkManifestLockResult.txt",
			);
			runOnlyForDeploymentPostprocessing = 0;
			shellPath = /bin/sh;
			shellScript = "diff \"${PODS_PODFILE_DIR_PATH}/Podfile.lock\" \"${PODS_ROOT}/Manifest.lock\" > /dev/null\nif [ $? != 0 ] ; then\n    # print error to STDERR\n    echo \"error: The sandbox is not in sync with the Podfile.lock. Run 'pod install' or update your CocoaPods installation.\" >&2\n    exit 1\nfi\n# This output is used by Xcode 'outputs' to avoid re-running this script phase.\necho \"SUCCESS\" > \"${SCRIPT_OUTPUT_FILE_0}\"\n";
			showEnvVarsInLog = 0;
		};
/* End PBXShellScriptBuildPhase section */

/* Begin PBXSourcesBuildPhase section */
		A31EFAAD22323F260090C5AC /* Sources */ = {
			isa = PBXSourcesBuildPhase;
			buildActionMask = 2147483647;
			files = (
				A31EFAB722323F260090C5AC /* ViewController.swift in Sources */,
				A31EFAB522323F260090C5AC /* AppDelegate.swift in Sources */,
			);
			runOnlyForDeploymentPostprocessing = 0;
		};
/* End PBXSourcesBuildPhase section */

/* Begin PBXVariantGroup section */
		A31EFABD22323F280090C5AC /* LaunchScreen.storyboard */ = {
			isa = PBXVariantGroup;
			children = (
				A31EFABE22323F280090C5AC /* Base */,
			);
			name = LaunchScreen.storyboard;
			sourceTree = "<group>";
		};
/* End PBXVariantGroup section */

/* Begin XCBuildConfiguration section */
		A31EFAC122323F280090C5AC /* Debug */ = {
			isa = XCBuildConfiguration;
			buildSettings = {
				ALWAYS_SEARCH_USER_PATHS = NO;
				CLANG_ANALYZER_NONNULL = YES;
				CLANG_ANALYZER_NUMBER_OBJECT_CONVERSION = YES_AGGRESSIVE;
				CLANG_CXX_LANGUAGE_STANDARD = "gnu++14";
				CLANG_CXX_LIBRARY = "libc++";
				CLANG_ENABLE_MODULES = YES;
				CLANG_ENABLE_OBJC_ARC = YES;
				CLANG_ENABLE_OBJC_WEAK = YES;
				CLANG_WARN_BLOCK_CAPTURE_AUTORELEASING = YES;
				CLANG_WARN_BOOL_CONVERSION = YES;
				CLANG_WARN_COMMA = YES;
				CLANG_WARN_CONSTANT_CONVERSION = YES;
				CLANG_WARN_DEPRECATED_OBJC_IMPLEMENTATIONS = YES;
				CLANG_WARN_DIRECT_OBJC_ISA_USAGE = YES_ERROR;
				CLANG_WARN_DOCUMENTATION_COMMENTS = YES;
				CLANG_WARN_EMPTY_BODY = YES;
				CLANG_WARN_ENUM_CONVERSION = YES;
				CLANG_WARN_INFINITE_RECURSION = YES;
				CLANG_WARN_INT_CONVERSION = YES;
				CLANG_WARN_NON_LITERAL_NULL_CONVERSION = YES;
				CLANG_WARN_OBJC_IMPLICIT_RETAIN_SELF = YES;
				CLANG_WARN_OBJC_LITERAL_CONVERSION = YES;
				CLANG_WARN_OBJC_ROOT_CLASS = YES_ERROR;
				CLANG_WARN_RANGE_LOOP_ANALYSIS = YES;
				CLANG_WARN_STRICT_PROTOTYPES = YES;
				CLANG_WARN_SUSPICIOUS_MOVE = YES;
				CLANG_WARN_UNGUARDED_AVAILABILITY = YES_AGGRESSIVE;
				CLANG_WARN_UNREACHABLE_CODE = YES;
				CLANG_WARN__DUPLICATE_METHOD_MATCH = YES;
				CODE_SIGN_IDENTITY = "iPhone Developer";
				COPY_PHASE_STRIP = NO;
				DEBUG_INFORMATION_FORMAT = dwarf;
				ENABLE_STRICT_OBJC_MSGSEND = YES;
				ENABLE_TESTABILITY = YES;
				GCC_C_LANGUAGE_STANDARD = gnu11;
				GCC_DYNAMIC_NO_PIC = NO;
				GCC_NO_COMMON_BLOCKS = YES;
				GCC_OPTIMIZATION_LEVEL = 0;
				GCC_PREPROCESSOR_DEFINITIONS = (
					"DEBUG=1",
					"$(inherited)",
				);
				GCC_WARN_64_TO_32_BIT_CONVERSION = YES;
				GCC_WARN_ABOUT_RETURN_TYPE = YES_ERROR;
				GCC_WARN_UNDECLARED_SELECTOR = YES;
				GCC_WARN_UNINITIALIZED_AUTOS = YES_AGGRESSIVE;
				GCC_WARN_UNUSED_FUNCTION = YES;
				GCC_WARN_UNUSED_VARIABLE = YES;
				IPHONEOS_DEPLOYMENT_TARGET = 12.1;
				MTL_ENABLE_DEBUG_INFO = INCLUDE_SOURCE;
				MTL_FAST_MATH = YES;
				ONLY_ACTIVE_ARCH = YES;
				SDKROOT = iphoneos;
				SWIFT_ACTIVE_COMPILATION_CONDITIONS = DEBUG;
				SWIFT_OPTIMIZATION_LEVEL = "-Onone";
			};
			name = Debug;
		};
		A31EFAC222323F280090C5AC /* Release */ = {
			isa = XCBuildConfiguration;
			buildSettings = {
				ALWAYS_SEARCH_USER_PATHS = NO;
				CLANG_ANALYZER_NONNULL = YES;
				CLANG_ANALYZER_NUMBER_OBJECT_CONVERSION = YES_AGGRESSIVE;
				CLANG_CXX_LANGUAGE_STANDARD = "gnu++14";
				CLANG_CXX_LIBRARY = "libc++";
				CLANG_ENABLE_MODULES = YES;
				CLANG_ENABLE_OBJC_ARC = YES;
				CLANG_ENABLE_OBJC_WEAK = YES;
				CLANG_WARN_BLOCK_CAPTURE_AUTORELEASING = YES;
				CLANG_WARN_BOOL_CONVERSION = YES;
				CLANG_WARN_COMMA = YES;
				CLANG_WARN_CONSTANT_CONVERSION = YES;
				CLANG_WARN_DEPRECATED_OBJC_IMPLEMENTATIONS = YES;
				CLANG_WARN_DIRECT_OBJC_ISA_USAGE = YES_ERROR;
				CLANG_WARN_DOCUMENTATION_COMMENTS = YES;
				CLANG_WARN_EMPTY_BODY = YES;
				CLANG_WARN_ENUM_CONVERSION = YES;
				CLANG_WARN_INFINITE_RECURSION = YES;
				CLANG_WARN_INT_CONVERSION = YES;
				CLANG_WARN_NON_LITERAL_NULL_CONVERSION = YES;
				CLANG_WARN_OBJC_IMPLICIT_RETAIN_SELF = YES;
				CLANG_WARN_OBJC_LITERAL_CONVERSION = YES;
				CLANG_WARN_OBJC_ROOT_CLASS = YES_ERROR;
				CLANG_WARN_RANGE_LOOP_ANALYSIS = YES;
				CLANG_WARN_STRICT_PROTOTYPES = YES;
				CLANG_WARN_SUSPICIOUS_MOVE = YES;
				CLANG_WARN_UNGUARDED_AVAILABILITY = YES_AGGRESSIVE;
				CLANG_WARN_UNREACHABLE_CODE = YES;
				CLANG_WARN__DUPLICATE_METHOD_MATCH = YES;
				CODE_SIGN_IDENTITY = "iPhone Developer";
				COPY_PHASE_STRIP = NO;
				DEBUG_INFORMATION_FORMAT = "dwarf-with-dsym";
				ENABLE_NS_ASSERTIONS = NO;
				ENABLE_STRICT_OBJC_MSGSEND = YES;
				GCC_C_LANGUAGE_STANDARD = gnu11;
				GCC_NO_COMMON_BLOCKS = YES;
				GCC_WARN_64_TO_32_BIT_CONVERSION = YES;
				GCC_WARN_ABOUT_RETURN_TYPE = YES_ERROR;
				GCC_WARN_UNDECLARED_SELECTOR = YES;
				GCC_WARN_UNINITIALIZED_AUTOS = YES_AGGRESSIVE;
				GCC_WARN_UNUSED_FUNCTION = YES;
				GCC_WARN_UNUSED_VARIABLE = YES;
				IPHONEOS_DEPLOYMENT_TARGET = 12.1;
				MTL_ENABLE_DEBUG_INFO = NO;
				MTL_FAST_MATH = YES;
				SDKROOT = iphoneos;
				SWIFT_COMPILATION_MODE = wholemodule;
				SWIFT_OPTIMIZATION_LEVEL = "-O";
				VALIDATE_PRODUCT = YES;
			};
			name = Release;
		};
		A31EFAC422323F280090C5AC /* Debug */ = {
			isa = XCBuildConfiguration;
			baseConfigurationReference = 9463A39062FB2D9C2FE0CD27 /* Pods-mentorzCallSchedule.debug.xcconfig */;
			buildSettings = {
				ASSETCATALOG_COMPILER_APPICON_NAME = AppIcon;
				CODE_SIGN_STYLE = Automatic;
				INFOPLIST_FILE = mentorzCallSchedule/Info.plist;
				LD_RUNPATH_SEARCH_PATHS = (
					"$(inherited)",
					"@executable_path/Frameworks",
				);
				PRODUCT_BUNDLE_IDENTIFIER = com.craterzone.mentorzCallSchedule;
				PRODUCT_NAME = "$(TARGET_NAME)";
				SWIFT_VERSION = 4.2;
				TARGETED_DEVICE_FAMILY = "1,2";
			};
			name = Debug;
		};
		A31EFAC522323F280090C5AC /* Release */ = {
			isa = XCBuildConfiguration;
			baseConfigurationReference = 1AD8CA17F90CB63B9709D0D5 /* Pods-mentorzCallSchedule.release.xcconfig */;
			buildSettings = {
				ASSETCATALOG_COMPILER_APPICON_NAME = AppIcon;
				CODE_SIGN_STYLE = Automatic;
				INFOPLIST_FILE = mentorzCallSchedule/Info.plist;
				LD_RUNPATH_SEARCH_PATHS = (
					"$(inherited)",
					"@executable_path/Frameworks",
				);
				PRODUCT_BUNDLE_IDENTIFIER = com.craterzone.mentorzCallSchedule;
				PRODUCT_NAME = "$(TARGET_NAME)";
				SWIFT_VERSION = 4.2;
				TARGETED_DEVICE_FAMILY = "1,2";
			};
			name = Release;
		};
/* End XCBuildConfiguration section */

/* Begin XCConfigurationList section */
		A31EFAAC22323F260090C5AC /* Build configuration list for PBXProject "mentorzCallSchedule" */ = {
			isa = XCConfigurationList;
			buildConfigurations = (
				A31EFAC122323F280090C5AC /* Debug */,
				A31EFAC222323F280090C5AC /* Release */,
			);
			defaultConfigurationIsVisible = 0;
			defaultConfigurationName = Release;
		};
		A31EFAC322323F280090C5AC /* Build configuration list for PBXNativeTarget "mentorzCallSchedule" */ = {
			isa = XCConfigurationList;
			buildConfigurations = (
				A31EFAC422323F280090C5AC /* Debug */,
				A31EFAC522323F280090C5AC /* Release */,
			);
			defaultConfigurationIsVisible = 0;
			defaultConfigurationName = Release;
		};
/* End XCConfigurationList section */
	};
	rootObject = A31EFAA922323F260090C5AC /* Project object */;
}
